
Microsoft Visual Studio Solution File, Format Version 12.00
# Visual Studio Version 17
VisualStudioVersion = 17.1.32328.378
MinimumVisualStudioVersion = 10.0.40219.1
Project("{FAE04EC0-301F-11D3-BF4B-00C04F79EFBC}") = "Sandboxnator Launcher", "Sandboxnator Launcher\Sandboxnator Launcher.csproj", "{02600787-7FF6-4FA3-82FE-55BF0555DA8D}"
EndProject
Global
	GlobalSection(SolutionConfigurationPlatforms) = preSolution
		Debug|Any CPU = Debug|Any CPU
		Release|Any CPU = Release|Any CPU
	EndGlobalSection
	GlobalSection(ProjectConfigurationPlatforms) = postSolution
		{02600787-7FF6-4FA3-82FE-55BF0555DA8D}.Debug|Any CPU.ActiveCfg = Debug|Any CPU
		{02600787-7FF6-4FA3-82FE-55BF0555DA8D}.Debug|Any CPU.Build.0 = Debug|Any CPU
		{02600787-7FF6-4FA3-82FE-55BF0555DA8D}.Release|Any CPU.ActiveCfg = Release|Any CPU
		{02600787-7FF6-4FA3-82FE-55BF0555DA8D}.Release|Any CPU.Build.0 = Release|Any CPU
	EndGlobalSection
	GlobalSection(SolutionProperties) = preSolution
		HideSolutionNode = FALSE
	EndGlobalSection
	GlobalSection(ExtensibilityGlobals) = postSolution
		SolutionGuid = {556DD63C-FF79-45F9-9A83-9ABB4EA7C877}
	EndGlobalSection
EndGlobal
